
Microsoft Visual Studio Solution File, Format Version 12.00
# Visual Studio 14
VisualStudioVersion = 14.0.24720.0
MinimumVisualStudioVersion = 10.0.40219.1
Project("{FAE04EC0-301F-11D3-BF4B-00C04F79EFBC}") = "Selenium.Contrib", "Selenium.Contrib\Selenium.Contrib.csproj", "{7B580877-2FFB-4264-9BCA-5F3B61027977}"
EndProject
Project("{FAE04EC0-301F-11D3-BF4B-00C04F79EFBC}") = "Selenium.Contrib.SpecFlow", "Selenium.Contrib.SpecFlow\Selenium.Contrib.SpecFlow.csproj", "{3F63EF8E-0F76-4A90-BA40-979C4D279558}"
EndProject
Project("{2150E333-8FDC-42A3-9474-1A3956D46DE8}") = "0 - Solution Items", "0 - Solution Items", "{0945108E-A53A-4225-80EB-B728E84CFDDD}"
	ProjectSection(SolutionItems) = preProject
		GlobalAssemblyInfo.cs = GlobalAssemblyInfo.cs
	EndProjectSection
EndProject
Project("{2150E333-8FDC-42A3-9474-1A3956D46DE8}") = "2 - Examples", "2 - Examples", "{8CEBF8A4-AC59-4D96-B3A1-99757F55D517}"
EndProject
Project("{FAE04EC0-301F-11D3-BF4B-00C04F79EFBC}") = "Selenium.Contrib.Examples", "Selenium.Contrib.Examples\Selenium.Contrib.Examples.csproj", "{AAC62E70-45E8-432C-8013-5350C834C563}"
EndProject
Project("{2150E333-8FDC-42A3-9474-1A3956D46DE8}") = "1 - Framework", "1 - Framework", "{03F2F15F-C6EF-4108-A87F-8D48F2CBE20C}"
EndProject
Global
	GlobalSection(SolutionConfigurationPlatforms) = preSolution
		Debug|Any CPU = Debug|Any CPU
		Release|Any CPU = Release|Any CPU
	EndGlobalSection
	GlobalSection(ProjectConfigurationPlatforms) = postSolution
		{7B580877-2FFB-4264-9BCA-5F3B61027977}.Debug|Any CPU.ActiveCfg = Debug|Any CPU
		{7B580877-2FFB-4264-9BCA-5F3B61027977}.Debug|Any CPU.Build.0 = Debug|Any CPU
		{7B580877-2FFB-4264-9BCA-5F3B61027977}.Release|Any CPU.ActiveCfg = Release|Any CPU
		{7B580877-2FFB-4264-9BCA-5F3B61027977}.Release|Any CPU.Build.0 = Release|Any CPU
		{3F63EF8E-0F76-4A90-BA40-979C4D279558}.Debug|Any CPU.ActiveCfg = Debug|Any CPU
		{3F63EF8E-0F76-4A90-BA40-979C4D279558}.Debug|Any CPU.Build.0 = Debug|Any CPU
		{3F63EF8E-0F76-4A90-BA40-979C4D279558}.Release|Any CPU.ActiveCfg = Release|Any CPU
		{3F63EF8E-0F76-4A90-BA40-979C4D279558}.Release|Any CPU.Build.0 = Release|Any CPU
		{AAC62E70-45E8-432C-8013-5350C834C563}.Debug|Any CPU.ActiveCfg = Debug|Any CPU
		{AAC62E70-45E8-432C-8013-5350C834C563}.Debug|Any CPU.Build.0 = Debug|Any CPU
		{AAC62E70-45E8-432C-8013-5350C834C563}.Release|Any CPU.ActiveCfg = Release|Any CPU
		{AAC62E70-45E8-432C-8013-5350C834C563}.Release|Any CPU.Build.0 = Release|Any CPU
	EndGlobalSection
	GlobalSection(SolutionProperties) = preSolution
		HideSolutionNode = FALSE
	EndGlobalSection
	GlobalSection(NestedProjects) = preSolution
		{7B580877-2FFB-4264-9BCA-5F3B61027977} = {03F2F15F-C6EF-4108-A87F-8D48F2CBE20C}
		{3F63EF8E-0F76-4A90-BA40-979C4D279558} = {03F2F15F-C6EF-4108-A87F-8D48F2CBE20C}
		{AAC62E70-45E8-432C-8013-5350C834C563} = {8CEBF8A4-AC59-4D96-B3A1-99757F55D517}
	EndGlobalSection
EndGlobal
